Microsoft Visual Studio Solution File, Format Version 7.00
Project("{8BC9CEB8-8B4A-11D0-8D11-00A0C91BC942}") = "NifExport", "NifExport\NifExport.vcproj", "{E7CB76AA-6113-46BA-8EBC-8AE1D2B81210}"
EndProject
Project("{8BC9CEB8-8B4A-11D0-8D11-00A0C91BC942}") = "NIFlib", "NifExport\niflib\niflib.vcproj", "{19FD8EE6-79CC-4BAC-9744-D9573BE47C7E}"
EndProject
Project("{8BC9CEB8-8B4A-11D0-8D11-00A0C91BC942}") = "NifProps", "NifProps\NifProps.vcproj", "{E7CB76AA-6113-46BA-8EBC-8AE1D2B81210}"
EndProject
Project("{8BC9CEB8-8B4A-11D0-8D11-00A0C91BC942}") = "NifFurniture", "NifFurniture\NifFurniture.vcproj", "{E7CB76AA-6113-46BA-8EBC-8AE1D2B81210}"
EndProject
Project("{8BC9CEB8-8B4A-11D0-8D11-00A0C91BC942}") = "NifImport", "NifImport\NifImport.vcproj", "{184D8F9A-75CA-4D26-8707-7666D9DE7D9B}"
EndProject
Global
	GlobalSection(SolutionConfiguration) = preSolution
		ConfigName.0 = Debug
		ConfigName.1 = Debug - Max 8
		ConfigName.2 = Release
		ConfigName.3 = Release - Max 6
		ConfigName.4 = Release - Max 7
		ConfigName.5 = Release - Max 8
	EndGlobalSection
	GlobalSection(ProjectDependencies) = postSolution
		{E7CB76AA-6113-46BA-8EBC-8AE1D2B81210}.0 = {19FD8EE6-79CC-4BAC-9744-D9573BE47C7E}
		{E7CB76AA-6113-46BA-8EBC-8AE1D2B81210}.0 = {19FD8EE6-79CC-4BAC-9744-D9573BE47C7E}
		{E7CB76AA-6113-46BA-8EBC-8AE1D2B81210}.0 = {19FD8EE6-79CC-4BAC-9744-D9573BE47C7E}
	EndGlobalSection
	GlobalSection(ProjectConfiguration) = postSolution
		{E7CB76AA-6113-46BA-8EBC-8AE1D2B81210}.Debug.ActiveCfg = Debug|Win32
		{E7CB76AA-6113-46BA-8EBC-8AE1D2B81210}.Debug.Build.0 = Debug|Win32
		{E7CB76AA-6113-46BA-8EBC-8AE1D2B81210}.Debug - Max 8.ActiveCfg = Debug|Win32
		{E7CB76AA-6113-46BA-8EBC-8AE1D2B81210}.Debug - Max 8.Build.0 = Debug|Win32
		{E7CB76AA-6113-46BA-8EBC-8AE1D2B81210}.Release.ActiveCfg = Release|Win32
		{E7CB76AA-6113-46BA-8EBC-8AE1D2B81210}.Release.Build.0 = Release|Win32
		{E7CB76AA-6113-46BA-8EBC-8AE1D2B81210}.Release - Max 6.ActiveCfg = Release - Max 6|Win32
		{E7CB76AA-6113-46BA-8EBC-8AE1D2B81210}.Release - Max 6.Build.0 = Release - Max 6|Win32
		{E7CB76AA-6113-46BA-8EBC-8AE1D2B81210}.Release - Max 7.ActiveCfg = Release - Max 7|Win32
		{E7CB76AA-6113-46BA-8EBC-8AE1D2B81210}.Release - Max 7.Build.0 = Release - Max 7|Win32
		{E7CB76AA-6113-46BA-8EBC-8AE1D2B81210}.Release - Max 8.ActiveCfg = Release|Win32
		{E7CB76AA-6113-46BA-8EBC-8AE1D2B81210}.Release - Max 8.Build.0 = Release|Win32
		{19FD8EE6-79CC-4BAC-9744-D9573BE47C7E}.Debug.ActiveCfg = Debug|Win32
		{19FD8EE6-79CC-4BAC-9744-D9573BE47C7E}.Debug.Build.0 = Debug|Win32
		{19FD8EE6-79CC-4BAC-9744-D9573BE47C7E}.Debug - Max 8.ActiveCfg = Debug|Win32
		{19FD8EE6-79CC-4BAC-9744-D9573BE47C7E}.Debug - Max 8.Build.0 = Debug|Win32
		{19FD8EE6-79CC-4BAC-9744-D9573BE47C7E}.Release.ActiveCfg = Release|Win32
		{19FD8EE6-79CC-4BAC-9744-D9573BE47C7E}.Release.Build.0 = Release|Win32
		{19FD8EE6-79CC-4BAC-9744-D9573BE47C7E}.Release - Max 6.ActiveCfg = Release - Max 6|Win32
		{19FD8EE6-79CC-4BAC-9744-D9573BE47C7E}.Release - Max 6.Build.0 = Release - Max 6|Win32
		{19FD8EE6-79CC-4BAC-9744-D9573BE47C7E}.Release - Max 7.ActiveCfg = Release - Max 7|Win32
		{19FD8EE6-79CC-4BAC-9744-D9573BE47C7E}.Release - Max 7.Build.0 = Release - Max 7|Win32
		{19FD8EE6-79CC-4BAC-9744-D9573BE47C7E}.Release - Max 8.ActiveCfg = Release|Win32
		{19FD8EE6-79CC-4BAC-9744-D9573BE47C7E}.Release - Max 8.Build.0 = Release|Win32
		{E7CB76AA-6113-46BA-8EBC-8AE1D2B81210}.Debug.ActiveCfg = Debug|Win32
		{E7CB76AA-6113-46BA-8EBC-8AE1D2B81210}.Debug.Build.0 = Debug|Win32
		{E7CB76AA-6113-46BA-8EBC-8AE1D2B81210}.Debug - Max 8.ActiveCfg = Debug|Win32
		{E7CB76AA-6113-46BA-8EBC-8AE1D2B81210}.Debug - Max 8.Build.0 = Debug|Win32
		{E7CB76AA-6113-46BA-8EBC-8AE1D2B81210}.Release.ActiveCfg = Release|Win32
		{E7CB76AA-6113-46BA-8EBC-8AE1D2B81210}.Release.Build.0 = Release|Win32
		{E7CB76AA-6113-46BA-8EBC-8AE1D2B81210}.Release - Max 6.ActiveCfg = Release - Max 6|Win32
		{E7CB76AA-6113-46BA-8EBC-8AE1D2B81210}.Release - Max 6.Build.0 = Release - Max 6|Win32
		{E7CB76AA-6113-46BA-8EBC-8AE1D2B81210}.Release - Max 7.ActiveCfg = Release - Max 7|Win32
		{E7CB76AA-6113-46BA-8EBC-8AE1D2B81210}.Release - Max 7.Build.0 = Release - Max 7|Win32
		{E7CB76AA-6113-46BA-8EBC-8AE1D2B81210}.Release - Max 8.ActiveCfg = Release|Win32
		{E7CB76AA-6113-46BA-8EBC-8AE1D2B81210}.Release - Max 8.Build.0 = Release|Win32
		{E7CB76AA-6113-46BA-8EBC-8AE1D2B81210}.Debug.ActiveCfg = Debug|Win32
		{E7CB76AA-6113-46BA-8EBC-8AE1D2B81210}.Debug.Build.0 = Debug|Win32
		{E7CB76AA-6113-46BA-8EBC-8AE1D2B81210}.Debug - Max 8.ActiveCfg = Debug|Win32
		{E7CB76AA-6113-46BA-8EBC-8AE1D2B81210}.Debug - Max 8.Build.0 = Debug|Win32
		{E7CB76AA-6113-46BA-8EBC-8AE1D2B81210}.Release.ActiveCfg = Release|Win32
		{E7CB76AA-6113-46BA-8EBC-8AE1D2B81210}.Release.Build.0 = Release|Win32
		{E7CB76AA-6113-46BA-8EBC-8AE1D2B81210}.Release - Max 6.ActiveCfg = Release - Max 6|Win32
		{E7CB76AA-6113-46BA-8EBC-8AE1D2B81210}.Release - Max 6.Build.0 = Release - Max 6|Win32
		{E7CB76AA-6113-46BA-8EBC-8AE1D2B81210}.Release - Max 7.ActiveCfg = Release - Max 7|Win32
		{E7CB76AA-6113-46BA-8EBC-8AE1D2B81210}.Release - Max 7.Build.0 = Release - Max 7|Win32
		{E7CB76AA-6113-46BA-8EBC-8AE1D2B81210}.Release - Max 8.ActiveCfg = Release|Win32
		{184D8F9A-75CA-4D26-8707-7666D9DE7D9B}.Debug.ActiveCfg = Debug|Win32
		{184D8F9A-75CA-4D26-8707-7666D9DE7D9B}.Debug.Build.0 = Debug|Win32
		{184D8F9A-75CA-4D26-8707-7666D9DE7D9B}.Debug - Max 8.ActiveCfg = Debug|Win32
		{184D8F9A-75CA-4D26-8707-7666D9DE7D9B}.Release.ActiveCfg = Release|Win32
		{184D8F9A-75CA-4D26-8707-7666D9DE7D9B}.Release.Build.0 = Release|Win32
		{184D8F9A-75CA-4D26-8707-7666D9DE7D9B}.Release - Max 6.ActiveCfg = Release|Win32
		{184D8F9A-75CA-4D26-8707-7666D9DE7D9B}.Release - Max 7.ActiveCfg = Release|Win32
		{184D8F9A-75CA-4D26-8707-7666D9DE7D9B}.Release - Max 8.ActiveCfg = Release|Win32
	EndGlobalSection
	GlobalSection(ExtensibilityGlobals) = postSolution
	EndGlobalSection
	GlobalSection(ExtensibilityAddIns) = postSolution
	EndGlobalSection
EndGlobal
