Microsoft Visual Studio Solution File, Format Version 11.00
# Visual Studio 2010
Project("{2150E333-8FDC-42A3-9474-1A3956D46DE8}") = "Solution Items", "Solution Items", "{50B67748-0DFB-45B0-BF1F-E80135EE3823}"
EndProject
Project("{8BC9CEB8-8B4A-11D0-8D11-00A0C91BC942}") = "NifPlugins", "Build\NifPlugins_VC2008.vcxproj", "{466F2D3E-2663-4583-A05C-128683677617}"
EndProject
Project("{8BC9CEB8-8B4A-11D0-8D11-00A0C91BC942}") = "niflib", "..\niflib\niflib.vcxproj", "{112EFC5F-F43C-4E3D-BDD3-B1385FDBAEF1}"
EndProject
Global
	GlobalSection(SolutionConfigurationPlatforms) = preSolution
		Debug - DLL|Mixed Platforms = Debug - DLL|Mixed Platforms
		Debug - DLL|Win32 = Debug - DLL|Win32
		Debug - DLL|x64 = Debug - DLL|x64
		Debug - gmax|Mixed Platforms = Debug - gmax|Mixed Platforms
		Debug - gmax|Win32 = Debug - gmax|Win32
		Debug - gmax|x64 = Debug - gmax|x64
		Debug - Max 2010|Mixed Platforms = Debug - Max 2010|Mixed Platforms
		Debug - Max 2010|Win32 = Debug - Max 2010|Win32
		Debug - Max 2010|x64 = Debug - Max 2010|x64
		Debug - Max x64|Mixed Platforms = Debug - Max x64|Mixed Platforms
		Debug - Max x64|Win32 = Debug - Max x64|Win32
		Debug - Max x64|x64 = Debug - Max x64|x64
		Debug - Static|Mixed Platforms = Debug - Static|Mixed Platforms
		Debug - Static|Win32 = Debug - Static|Win32
		Debug - Static|x64 = Debug - Static|x64
		Debug|Mixed Platforms = Debug|Mixed Platforms
		Debug|Win32 = Debug|Win32
		Debug|x64 = Debug|x64
		MinSizeRel|Mixed Platforms = MinSizeRel|Mixed Platforms
		MinSizeRel|Win32 = MinSizeRel|Win32
		MinSizeRel|x64 = MinSizeRel|x64
		Release - DLL|Mixed Platforms = Release - DLL|Mixed Platforms
		Release - DLL|Win32 = Release - DLL|Win32
		Release - DLL|x64 = Release - DLL|x64
		Release - gmax|Mixed Platforms = Release - gmax|Mixed Platforms
		Release - gmax|Win32 = Release - gmax|Win32
		Release - gmax|x64 = Release - gmax|x64
		Release - Max 2010|Mixed Platforms = Release - Max 2010|Mixed Platforms
		Release - Max 2010|Win32 = Release - Max 2010|Win32
		Release - Max 2010|x64 = Release - Max 2010|x64
		Release - Max x64|Mixed Platforms = Release - Max x64|Mixed Platforms
		Release - Max x64|Win32 = Release - Max x64|Win32
		Release - Max x64|x64 = Release - Max x64|x64
		Release - Static|Mixed Platforms = Release - Static|Mixed Platforms
		Release - Static|Win32 = Release - Static|Win32
		Release - Static|x64 = Release - Static|x64
		Release|Mixed Platforms = Release|Mixed Platforms
		Release|Win32 = Release|Win32
		Release|x64 = Release|x64
		RelWithDebInfo|Mixed Platforms = RelWithDebInfo|Mixed Platforms
		RelWithDebInfo|Win32 = RelWithDebInfo|Win32
		RelWithDebInfo|x64 = RelWithDebInfo|x64
	EndGlobalSection
	GlobalSection(ProjectConfigurationPlatforms) = postSolution
		{466F2D3E-2663-4583-A05C-128683677617}.Debug - DLL|Mixed Platforms.ActiveCfg = Debug - Max x64|x64
		{466F2D3E-2663-4583-A05C-128683677617}.Debug - DLL|Mixed Platforms.Build.0 = Debug - Max x64|x64
		{466F2D3E-2663-4583-A05C-128683677617}.Debug - DLL|Win32.ActiveCfg = Debug - Max x64|x64
		{466F2D3E-2663-4583-A05C-128683677617}.Debug - DLL|x64.ActiveCfg = Debug - Max x64|x64
		{466F2D3E-2663-4583-A05C-128683677617}.Debug - DLL|x64.Build.0 = Debug - Max x64|x64
		{466F2D3E-2663-4583-A05C-128683677617}.Debug - gmax|Mixed Platforms.ActiveCfg = Debug - gmax|x64
		{466F2D3E-2663-4583-A05C-128683677617}.Debug - gmax|Mixed Platforms.Build.0 = Debug - gmax|x64
		{466F2D3E-2663-4583-A05C-128683677617}.Debug - gmax|Win32.ActiveCfg = Debug - gmax|x64
		{466F2D3E-2663-4583-A05C-128683677617}.Debug - gmax|x64.ActiveCfg = Debug - gmax|x64
		{466F2D3E-2663-4583-A05C-128683677617}.Debug - gmax|x64.Build.0 = Debug - gmax|x64
		{466F2D3E-2663-4583-A05C-128683677617}.Debug - Max 2010|Mixed Platforms.ActiveCfg = Debug - Max 2010|x64
		{466F2D3E-2663-4583-A05C-128683677617}.Debug - Max 2010|Mixed Platforms.Build.0 = Debug - Max 2010|x64
		{466F2D3E-2663-4583-A05C-128683677617}.Debug - Max 2010|Win32.ActiveCfg = Debug - Max 2010|Win32
		{466F2D3E-2663-4583-A05C-128683677617}.Debug - Max 2010|Win32.Build.0 = Debug - Max 2010|Win32
		{466F2D3E-2663-4583-A05C-128683677617}.Debug - Max 2010|x64.ActiveCfg = Debug - Max 2010|x64
		{466F2D3E-2663-4583-A05C-128683677617}.Debug - Max 2010|x64.Build.0 = Debug - Max 2010|x64
		{466F2D3E-2663-4583-A05C-128683677617}.Debug - Max x64|Mixed Platforms.ActiveCfg = Debug - Max x64|x64
		{466F2D3E-2663-4583-A05C-128683677617}.Debug - Max x64|Mixed Platforms.Build.0 = Debug - Max x64|x64
		{466F2D3E-2663-4583-A05C-128683677617}.Debug - Max x64|Win32.ActiveCfg = Debug - Max x64|Win32
		{466F2D3E-2663-4583-A05C-128683677617}.Debug - Max x64|Win32.Build.0 = Debug - Max x64|Win32
		{466F2D3E-2663-4583-A05C-128683677617}.Debug - Max x64|x64.ActiveCfg = Release - Max x64|x64
		{466F2D3E-2663-4583-A05C-128683677617}.Debug - Max x64|x64.Build.0 = Release - Max x64|x64
		{466F2D3E-2663-4583-A05C-128683677617}.Debug - Static|Mixed Platforms.ActiveCfg = Debug - Max x64|x64
		{466F2D3E-2663-4583-A05C-128683677617}.Debug - Static|Mixed Platforms.Build.0 = Debug - Max x64|x64
		{466F2D3E-2663-4583-A05C-128683677617}.Debug - Static|Win32.ActiveCfg = Debug - Max x64|x64
		{466F2D3E-2663-4583-A05C-128683677617}.Debug - Static|x64.ActiveCfg = Debug - Max x64|x64
		{466F2D3E-2663-4583-A05C-128683677617}.Debug - Static|x64.Build.0 = Debug - Max x64|x64
		{466F2D3E-2663-4583-A05C-128683677617}.Debug|Mixed Platforms.ActiveCfg = Debug - Max x64|x64
		{466F2D3E-2663-4583-A05C-128683677617}.Debug|Mixed Platforms.Build.0 = Debug - Max x64|x64
		{466F2D3E-2663-4583-A05C-128683677617}.Debug|Win32.ActiveCfg = Debug - Max 2012|x64
		{466F2D3E-2663-4583-A05C-128683677617}.Debug|x64.ActiveCfg = Debug - Max 2012|x64
		{466F2D3E-2663-4583-A05C-128683677617}.Debug|x64.Build.0 = Debug - Max 2012|x64
		{466F2D3E-2663-4583-A05C-128683677617}.MinSizeRel|Mixed Platforms.ActiveCfg = Debug - Max x64|x64
		{466F2D3E-2663-4583-A05C-128683677617}.MinSizeRel|Mixed Platforms.Build.0 = Debug - Max x64|x64
		{466F2D3E-2663-4583-A05C-128683677617}.MinSizeRel|Win32.ActiveCfg = Release - Max 2012|x64
		{466F2D3E-2663-4583-A05C-128683677617}.MinSizeRel|x64.ActiveCfg = Release - Max 2012|x64
		{466F2D3E-2663-4583-A05C-128683677617}.MinSizeRel|x64.Build.0 = Release - Max 2012|x64
		{466F2D3E-2663-4583-A05C-128683677617}.Release - DLL|Mixed Platforms.ActiveCfg = Release - Max x64|x64
		{466F2D3E-2663-4583-A05C-128683677617}.Release - DLL|Mixed Platforms.Build.0 = Release - Max x64|x64
		{466F2D3E-2663-4583-A05C-128683677617}.Release - DLL|Win32.ActiveCfg = Release - Max x64|x64
		{466F2D3E-2663-4583-A05C-128683677617}.Release - DLL|x64.ActiveCfg = Release - Max x64|x64
		{466F2D3E-2663-4583-A05C-128683677617}.Release - DLL|x64.Build.0 = Release - Max x64|x64
		{466F2D3E-2663-4583-A05C-128683677617}.Release - gmax|Mixed Platforms.ActiveCfg = Release - gmax|x64
		{466F2D3E-2663-4583-A05C-128683677617}.Release - gmax|Mixed Platforms.Build.0 = Release - gmax|x64
		{466F2D3E-2663-4583-A05C-128683677617}.Release - gmax|Win32.ActiveCfg = Release - gmax|x64
		{466F2D3E-2663-4583-A05C-128683677617}.Release - gmax|x64.ActiveCfg = Release - gmax|x64
		{466F2D3E-2663-4583-A05C-128683677617}.Release - gmax|x64.Build.0 = Release - gmax|x64
		{466F2D3E-2663-4583-A05C-128683677617}.Release - Max 2010|Mixed Platforms.ActiveCfg = Release - Max 2010|x64
		{466F2D3E-2663-4583-A05C-128683677617}.Release - Max 2010|Mixed Platforms.Build.0 = Release - Max 2010|x64
		{466F2D3E-2663-4583-A05C-128683677617}.Release - Max 2010|Win32.ActiveCfg = Release - Max 2010|Win32
		{466F2D3E-2663-4583-A05C-128683677617}.Release - Max 2010|Win32.Build.0 = Release - Max 2010|Win32
		{466F2D3E-2663-4583-A05C-128683677617}.Release - Max 2010|x64.ActiveCfg = Release - Max 2010|x64
		{466F2D3E-2663-4583-A05C-128683677617}.Release - Max 2010|x64.Build.0 = Release - Max 2010|x64
		{466F2D3E-2663-4583-A05C-128683677617}.Release - Max x64|Mixed Platforms.ActiveCfg = Release - Max x64|x64
		{466F2D3E-2663-4583-A05C-128683677617}.Release - Max x64|Mixed Platforms.Build.0 = Release - Max x64|x64
		{466F2D3E-2663-4583-A05C-128683677617}.Release - Max x64|Win32.ActiveCfg = Release - Max x64|x64
		{466F2D3E-2663-4583-A05C-128683677617}.Release - Max x64|Win32.Build.0 = Release - Max x64|x64
		{466F2D3E-2663-4583-A05C-128683677617}.Release - Max x64|x64.ActiveCfg = Release - Max x64|x64
		{466F2D3E-2663-4583-A05C-128683677617}.Release - Max x64|x64.Build.0 = Release - Max x64|x64
		{466F2D3E-2663-4583-A05C-128683677617}.Release - Static|Mixed Platforms.ActiveCfg = Release - Max x64|x64
		{466F2D3E-2663-4583-A05C-128683677617}.Release - Static|Mixed Platforms.Build.0 = Release - Max x64|x64
		{466F2D3E-2663-4583-A05C-128683677617}.Release - Static|Win32.ActiveCfg = Release - Max x64|x64
		{466F2D3E-2663-4583-A05C-128683677617}.Release - Static|x64.ActiveCfg = Release - Max x64|x64
		{466F2D3E-2663-4583-A05C-128683677617}.Release - Static|x64.Build.0 = Release - Max x64|x64
		{466F2D3E-2663-4583-A05C-128683677617}.Release|Mixed Platforms.ActiveCfg = Release - Max x64|x64
		{466F2D3E-2663-4583-A05C-128683677617}.Release|Mixed Platforms.Build.0 = Release - Max x64|x64
		{466F2D3E-2663-4583-A05C-128683677617}.Release|Win32.ActiveCfg = Release - Max 2012|x64
		{466F2D3E-2663-4583-A05C-128683677617}.Release|x64.ActiveCfg = Release - Max 2012|x64
		{466F2D3E-2663-4583-A05C-128683677617}.Release|x64.Build.0 = Release - Max 2012|x64
		{466F2D3E-2663-4583-A05C-128683677617}.RelWithDebInfo|Mixed Platforms.ActiveCfg = Release - Max x64|x64
		{466F2D3E-2663-4583-A05C-128683677617}.RelWithDebInfo|Mixed Platforms.Build.0 = Release - Max x64|x64
		{466F2D3E-2663-4583-A05C-128683677617}.RelWithDebInfo|Win32.ActiveCfg = Release - Max x64|x64
		{466F2D3E-2663-4583-A05C-128683677617}.RelWithDebInfo|x64.ActiveCfg = Release - Max x64|x64
		{466F2D3E-2663-4583-A05C-128683677617}.RelWithDebInfo|x64.Build.0 = Release - Max x64|x64
		{112EFC5F-F43C-4E3D-BDD3-B1385FDBAEF1}.Debug - DLL|Mixed Platforms.ActiveCfg = Debug|x64
		{112EFC5F-F43C-4E3D-BDD3-B1385FDBAEF1}.Debug - DLL|Mixed Platforms.Build.0 = Debug|x64
		{112EFC5F-F43C-4E3D-BDD3-B1385FDBAEF1}.Debug - DLL|Win32.ActiveCfg = Debug|x64
		{112EFC5F-F43C-4E3D-BDD3-B1385FDBAEF1}.Debug - DLL|x64.ActiveCfg = Debug|x64
		{112EFC5F-F43C-4E3D-BDD3-B1385FDBAEF1}.Debug - DLL|x64.Build.0 = Debug|x64
		{112EFC5F-F43C-4E3D-BDD3-B1385FDBAEF1}.Debug - gmax|Mixed Platforms.ActiveCfg = Debug|x64
		{112EFC5F-F43C-4E3D-BDD3-B1385FDBAEF1}.Debug - gmax|Mixed Platforms.Build.0 = Debug|x64
		{112EFC5F-F43C-4E3D-BDD3-B1385FDBAEF1}.Debug - gmax|Win32.ActiveCfg = Debug|x64
		{112EFC5F-F43C-4E3D-BDD3-B1385FDBAEF1}.Debug - gmax|x64.ActiveCfg = Debug|x64
		{112EFC5F-F43C-4E3D-BDD3-B1385FDBAEF1}.Debug - gmax|x64.Build.0 = Debug|x64
		{112EFC5F-F43C-4E3D-BDD3-B1385FDBAEF1}.Debug - Max 2010|Mixed Platforms.ActiveCfg = Debug|x64
		{112EFC5F-F43C-4E3D-BDD3-B1385FDBAEF1}.Debug - Max 2010|Mixed Platforms.Build.0 = Debug|x64
		{112EFC5F-F43C-4E3D-BDD3-B1385FDBAEF1}.Debug - Max 2010|Win32.ActiveCfg = Debug|x64
		{112EFC5F-F43C-4E3D-BDD3-B1385FDBAEF1}.Debug - Max 2010|x64.ActiveCfg = Debug|x64
		{112EFC5F-F43C-4E3D-BDD3-B1385FDBAEF1}.Debug - Max 2010|x64.Build.0 = Debug|x64
		{112EFC5F-F43C-4E3D-BDD3-B1385FDBAEF1}.Debug - Max x64|Mixed Platforms.ActiveCfg = Debug|x64
		{112EFC5F-F43C-4E3D-BDD3-B1385FDBAEF1}.Debug - Max x64|Mixed Platforms.Build.0 = Debug|x64
		{112EFC5F-F43C-4E3D-BDD3-B1385FDBAEF1}.Debug - Max x64|Win32.ActiveCfg = Debug|x64
		{112EFC5F-F43C-4E3D-BDD3-B1385FDBAEF1}.Debug - Max x64|x64.ActiveCfg = Debug|x64
		{112EFC5F-F43C-4E3D-BDD3-B1385FDBAEF1}.Debug - Max x64|x64.Build.0 = Debug|x64
		{112EFC5F-F43C-4E3D-BDD3-B1385FDBAEF1}.Debug - Static|Mixed Platforms.ActiveCfg = Debug|x64
		{112EFC5F-F43C-4E3D-BDD3-B1385FDBAEF1}.Debug - Static|Mixed Platforms.Build.0 = Debug|x64
		{112EFC5F-F43C-4E3D-BDD3-B1385FDBAEF1}.Debug - Static|Win32.ActiveCfg = Debug|x64
		{112EFC5F-F43C-4E3D-BDD3-B1385FDBAEF1}.Debug - Static|x64.ActiveCfg = Debug|x64
		{112EFC5F-F43C-4E3D-BDD3-B1385FDBAEF1}.Debug - Static|x64.Build.0 = Debug|x64
		{112EFC5F-F43C-4E3D-BDD3-B1385FDBAEF1}.Debug|Mixed Platforms.ActiveCfg = Debug|x64
		{112EFC5F-F43C-4E3D-BDD3-B1385FDBAEF1}.Debug|Mixed Platforms.Build.0 = Debug|x64
		{112EFC5F-F43C-4E3D-BDD3-B1385FDBAEF1}.Debug|Win32.ActiveCfg = Debug|x64
		{112EFC5F-F43C-4E3D-BDD3-B1385FDBAEF1}.Debug|x64.ActiveCfg = Debug|x64
		{112EFC5F-F43C-4E3D-BDD3-B1385FDBAEF1}.Debug|x64.Build.0 = Debug|x64
		{112EFC5F-F43C-4E3D-BDD3-B1385FDBAEF1}.MinSizeRel|Mixed Platforms.ActiveCfg = MinSizeRel|x64
		{112EFC5F-F43C-4E3D-BDD3-B1385FDBAEF1}.MinSizeRel|Mixed Platforms.Build.0 = MinSizeRel|x64
		{112EFC5F-F43C-4E3D-BDD3-B1385FDBAEF1}.MinSizeRel|Win32.ActiveCfg = MinSizeRel|x64
		{112EFC5F-F43C-4E3D-BDD3-B1385FDBAEF1}.MinSizeRel|x64.ActiveCfg = MinSizeRel|x64
		{112EFC5F-F43C-4E3D-BDD3-B1385FDBAEF1}.MinSizeRel|x64.Build.0 = MinSizeRel|x64
		{112EFC5F-F43C-4E3D-BDD3-B1385FDBAEF1}.Release - DLL|Mixed Platforms.ActiveCfg = Release|x64
		{112EFC5F-F43C-4E3D-BDD3-B1385FDBAEF1}.Release - DLL|Mixed Platforms.Build.0 = Release|x64
		{112EFC5F-F43C-4E3D-BDD3-B1385FDBAEF1}.Release - DLL|Win32.ActiveCfg = Release|x64
		{112EFC5F-F43C-4E3D-BDD3-B1385FDBAEF1}.Release - DLL|x64.ActiveCfg = Release|x64
		{112EFC5F-F43C-4E3D-BDD3-B1385FDBAEF1}.Release - DLL|x64.Build.0 = Release|x64
		{112EFC5F-F43C-4E3D-BDD3-B1385FDBAEF1}.Release - gmax|Mixed Platforms.ActiveCfg = Release|x64
		{112EFC5F-F43C-4E3D-BDD3-B1385FDBAEF1}.Release - gmax|Mixed Platforms.Build.0 = Release|x64
		{112EFC5F-F43C-4E3D-BDD3-B1385FDBAEF1}.Release - gmax|Win32.ActiveCfg = Release|x64
		{112EFC5F-F43C-4E3D-BDD3-B1385FDBAEF1}.Release - gmax|x64.ActiveCfg = Release|x64
		{112EFC5F-F43C-4E3D-BDD3-B1385FDBAEF1}.Release - gmax|x64.Build.0 = Release|x64
		{112EFC5F-F43C-4E3D-BDD3-B1385FDBAEF1}.Release - Max 2010|Mixed Platforms.ActiveCfg = Release|x64
		{112EFC5F-F43C-4E3D-BDD3-B1385FDBAEF1}.Release - Max 2010|Mixed Platforms.Build.0 = Release|x64
		{112EFC5F-F43C-4E3D-BDD3-B1385FDBAEF1}.Release - Max 2010|Win32.ActiveCfg = Release|x64
		{112EFC5F-F43C-4E3D-BDD3-B1385FDBAEF1}.Release - Max 2010|x64.ActiveCfg = Release|x64
		{112EFC5F-F43C-4E3D-BDD3-B1385FDBAEF1}.Release - Max 2010|x64.Build.0 = Release|x64
		{112EFC5F-F43C-4E3D-BDD3-B1385FDBAEF1}.Release - Max x64|Mixed Platforms.ActiveCfg = Release|x64
		{112EFC5F-F43C-4E3D-BDD3-B1385FDBAEF1}.Release - Max x64|Mixed Platforms.Build.0 = Release|x64
		{112EFC5F-F43C-4E3D-BDD3-B1385FDBAEF1}.Release - Max x64|Win32.ActiveCfg = Release|x64
		{112EFC5F-F43C-4E3D-BDD3-B1385FDBAEF1}.Release - Max x64|x64.ActiveCfg = Release|x64
		{112EFC5F-F43C-4E3D-BDD3-B1385FDBAEF1}.Release - Max x64|x64.Build.0 = Release|x64
		{112EFC5F-F43C-4E3D-BDD3-B1385FDBAEF1}.Release - Static|Mixed Platforms.ActiveCfg = Release|x64
		{112EFC5F-F43C-4E3D-BDD3-B1385FDBAEF1}.Release - Static|Mixed Platforms.Build.0 = Release|x64
		{112EFC5F-F43C-4E3D-BDD3-B1385FDBAEF1}.Release - Static|Win32.ActiveCfg = Release|x64
		{112EFC5F-F43C-4E3D-BDD3-B1385FDBAEF1}.Release - Static|x64.ActiveCfg = Release|x64
		{112EFC5F-F43C-4E3D-BDD3-B1385FDBAEF1}.Release - Static|x64.Build.0 = Release|x64
		{112EFC5F-F43C-4E3D-BDD3-B1385FDBAEF1}.Release|Mixed Platforms.ActiveCfg = Release|x64
		{112EFC5F-F43C-4E3D-BDD3-B1385FDBAEF1}.Release|Mixed Platforms.Build.0 = Release|x64
		{112EFC5F-F43C-4E3D-BDD3-B1385FDBAEF1}.Release|Win32.ActiveCfg = Release|x64
		{112EFC5F-F43C-4E3D-BDD3-B1385FDBAEF1}.Release|x64.ActiveCfg = Release|x64
		{112EFC5F-F43C-4E3D-BDD3-B1385FDBAEF1}.Release|x64.Build.0 = Release|x64
		{112EFC5F-F43C-4E3D-BDD3-B1385FDBAEF1}.RelWithDebInfo|Mixed Platforms.ActiveCfg = RelWithDebInfo|x64
		{112EFC5F-F43C-4E3D-BDD3-B1385FDBAEF1}.RelWithDebInfo|Mixed Platforms.Build.0 = RelWithDebInfo|x64
		{112EFC5F-F43C-4E3D-BDD3-B1385FDBAEF1}.RelWithDebInfo|Win32.ActiveCfg = RelWithDebInfo|x64
		{112EFC5F-F43C-4E3D-BDD3-B1385FDBAEF1}.RelWithDebInfo|x64.ActiveCfg = RelWithDebInfo|x64
		{112EFC5F-F43C-4E3D-BDD3-B1385FDBAEF1}.RelWithDebInfo|x64.Build.0 = RelWithDebInfo|x64
	EndGlobalSection
	GlobalSection(SolutionProperties) = preSolution
		HideSolutionNode = FALSE
	EndGlobalSection
	GlobalSection(NestedProjects) = preSolution
		{112EFC5F-F43C-4E3D-BDD3-B1385FDBAEF1} = {50B67748-0DFB-45B0-BF1F-E80135EE3823}
	EndGlobalSection
	GlobalSection(SubversionScc) = preSolution
		Svn-Managed = True
		Manager = AnkhSVN - Subversion Support for Visual Studio
	EndGlobalSection
EndGlobal
