Microsoft Visual Studio Solution File, Format Version 10.00
# Visual Studio 2008
Project("{2150E333-8FDC-42A3-9474-1A3956D46DE8}") = "Solution Items", "Solution Items", "{50B67748-0DFB-45B0-BF1F-E80135EE3823}"
	ProjectSection(SolutionItems) = preProject
		MaxNifTools.ini = MaxNifTools.ini
		NifPlugins_Development_Readme.txt = NifPlugins_Development_Readme.txt
		User_Settings.vsprops = User_Settings.vsprops
	EndProjectSection
EndProject
Project("{8BC9CEB8-8B4A-11D0-8D11-00A0C91BC942}") = "Niflib", "niflib\niflib_VC2008.vcproj", "{19FD8EE6-79CC-4BAC-9744-D9573BE47C7E}"
EndProject
Project("{8BC9CEB8-8B4A-11D0-8D11-00A0C91BC942}") = "NifPlugins", "Build\NifPlugins_VC2008.vcproj", "{466F2D3E-2663-4583-A05C-128683677617}"
	ProjectSection(ProjectDependencies) = postProject
		{19FD8EE6-79CC-4BAC-9744-D9573BE47C7E} = {19FD8EE6-79CC-4BAC-9744-D9573BE47C7E}
	EndProjectSection
EndProject
Global
	GlobalSection(SubversionScc) = preSolution
		Svn-Managed = True
		Manager = AnkhSVN - Subversion Support for Visual Studio
	EndGlobalSection
	GlobalSection(SolutionConfigurationPlatforms) = preSolution
		Debug - gmax|Win32 = Debug - gmax|Win32
		Debug - gmax|x64 = Debug - gmax|x64
		Debug - Max 2008|Win32 = Debug - Max 2008|Win32
		Debug - Max 2008|x64 = Debug - Max 2008|x64
		Debug - Max 2009|Win32 = Debug - Max 2009|Win32
		Debug - Max 2009|x64 = Debug - Max 2009|x64
		Debug - Max 2010|Win32 = Debug - Max 2010|Win32
		Debug - Max 2010|x64 = Debug - Max 2010|x64
		Debug - Max 2011|Win32 = Debug - Max 2011|Win32
		Debug - Max 2011|x64 = Debug - Max 2011|x64
		Debug - Max 2012|Win32 = Debug - Max 2012|Win32
		Debug - Max 2012|x64 = Debug - Max 2012|x64
		Debug - Max 4.2|Win32 = Debug - Max 4.2|Win32
		Debug - Max 4.2|x64 = Debug - Max 4.2|x64
		Debug - Max 4|Win32 = Debug - Max 4|Win32
		Debug - Max 4|x64 = Debug - Max 4|x64
		Debug - Max 5|Win32 = Debug - Max 5|Win32
		Debug - Max 5|x64 = Debug - Max 5|x64
		Debug - Max 6|Win32 = Debug - Max 6|Win32
		Debug - Max 6|x64 = Debug - Max 6|x64
		Debug - Max 7|Win32 = Debug - Max 7|Win32
		Debug - Max 7|x64 = Debug - Max 7|x64
		Debug - Max 8|Win32 = Debug - Max 8|Win32
		Debug - Max 8|x64 = Debug - Max 8|x64
		Debug - Max 9|Win32 = Debug - Max 9|Win32
		Debug - Max 9|x64 = Debug - Max 9|x64
		Debug|Win32 = Debug|Win32
		Debug|x64 = Debug|x64
		Release - gmax|Win32 = Release - gmax|Win32
		Release - gmax|x64 = Release - gmax|x64
		Release - Max 2008|Win32 = Release - Max 2008|Win32
		Release - Max 2008|x64 = Release - Max 2008|x64
		Release - Max 2009|Win32 = Release - Max 2009|Win32
		Release - Max 2009|x64 = Release - Max 2009|x64
		Release - Max 2010|Win32 = Release - Max 2010|Win32
		Release - Max 2010|x64 = Release - Max 2010|x64
		Release - Max 2011|Win32 = Release - Max 2011|Win32
		Release - Max 2011|x64 = Release - Max 2011|x64
		Release - Max 2012|Win32 = Release - Max 2012|Win32
		Release - Max 2012|x64 = Release - Max 2012|x64
		Release - Max 4.2|Win32 = Release - Max 4.2|Win32
		Release - Max 4.2|x64 = Release - Max 4.2|x64
		Release - Max 4|Win32 = Release - Max 4|Win32
		Release - Max 4|x64 = Release - Max 4|x64
		Release - Max 5|Win32 = Release - Max 5|Win32
		Release - Max 5|x64 = Release - Max 5|x64
		Release - Max 6|Win32 = Release - Max 6|Win32
		Release - Max 6|x64 = Release - Max 6|x64
		Release - Max 7|Win32 = Release - Max 7|Win32
		Release - Max 7|x64 = Release - Max 7|x64
		Release - Max 8|Win32 = Release - Max 8|Win32
		Release - Max 8|x64 = Release - Max 8|x64
		Release - Max 9|Win32 = Release - Max 9|Win32
		Release - Max 9|x64 = Release - Max 9|x64
		Release|Win32 = Release|Win32
		Release|x64 = Release|x64
	EndGlobalSection
	GlobalSection(ProjectConfigurationPlatforms) = postSolution
		{19FD8EE6-79CC-4BAC-9744-D9573BE47C7E}.Debug - gmax|Win32.ActiveCfg = Debug - Static|Win32
		{19FD8EE6-79CC-4BAC-9744-D9573BE47C7E}.Debug - gmax|Win32.Build.0 = Debug - Static|Win32
		{19FD8EE6-79CC-4BAC-9744-D9573BE47C7E}.Debug - gmax|x64.ActiveCfg = Debug - DLL|x64
		{19FD8EE6-79CC-4BAC-9744-D9573BE47C7E}.Debug - gmax|x64.Build.0 = Debug - DLL|x64
		{19FD8EE6-79CC-4BAC-9744-D9573BE47C7E}.Debug - Max 2008|Win32.ActiveCfg = Debug - Static|Win32
		{19FD8EE6-79CC-4BAC-9744-D9573BE47C7E}.Debug - Max 2008|Win32.Build.0 = Debug - Static|Win32
		{19FD8EE6-79CC-4BAC-9744-D9573BE47C7E}.Debug - Max 2008|x64.ActiveCfg = Debug - Static|x64
		{19FD8EE6-79CC-4BAC-9744-D9573BE47C7E}.Debug - Max 2008|x64.Build.0 = Debug - Static|x64
		{19FD8EE6-79CC-4BAC-9744-D9573BE47C7E}.Debug - Max 2009|Win32.ActiveCfg = Debug - Static|Win32
		{19FD8EE6-79CC-4BAC-9744-D9573BE47C7E}.Debug - Max 2009|Win32.Build.0 = Debug - Static|Win32
		{19FD8EE6-79CC-4BAC-9744-D9573BE47C7E}.Debug - Max 2009|x64.ActiveCfg = Debug - Static|x64
		{19FD8EE6-79CC-4BAC-9744-D9573BE47C7E}.Debug - Max 2009|x64.Build.0 = Debug - Static|x64
		{19FD8EE6-79CC-4BAC-9744-D9573BE47C7E}.Debug - Max 2010|Win32.ActiveCfg = Debug - Static|Win32
		{19FD8EE6-79CC-4BAC-9744-D9573BE47C7E}.Debug - Max 2010|Win32.Build.0 = Debug - Static|Win32
		{19FD8EE6-79CC-4BAC-9744-D9573BE47C7E}.Debug - Max 2010|x64.ActiveCfg = Debug - Static|x64
		{19FD8EE6-79CC-4BAC-9744-D9573BE47C7E}.Debug - Max 2010|x64.Build.0 = Debug - Static|x64
		{19FD8EE6-79CC-4BAC-9744-D9573BE47C7E}.Debug - Max 4.2|Win32.ActiveCfg = Debug - Static|Win32
		{19FD8EE6-79CC-4BAC-9744-D9573BE47C7E}.Debug - Max 4.2|Win32.Build.0 = Debug - Static|Win32
		{19FD8EE6-79CC-4BAC-9744-D9573BE47C7E}.Debug - Max 4.2|x64.ActiveCfg = Debug - DLL|x64
		{19FD8EE6-79CC-4BAC-9744-D9573BE47C7E}.Debug - Max 4.2|x64.Build.0 = Debug - DLL|x64
		{19FD8EE6-79CC-4BAC-9744-D9573BE47C7E}.Debug - Max 4|Win32.ActiveCfg = Debug - Static|Win32
		{19FD8EE6-79CC-4BAC-9744-D9573BE47C7E}.Debug - Max 4|Win32.Build.0 = Debug - Static|Win32
		{19FD8EE6-79CC-4BAC-9744-D9573BE47C7E}.Debug - Max 4|x64.ActiveCfg = Debug - DLL|x64
		{19FD8EE6-79CC-4BAC-9744-D9573BE47C7E}.Debug - Max 4|x64.Build.0 = Debug - DLL|x64
		{19FD8EE6-79CC-4BAC-9744-D9573BE47C7E}.Debug - Max 5|Win32.ActiveCfg = Debug - Static|Win32
		{19FD8EE6-79CC-4BAC-9744-D9573BE47C7E}.Debug - Max 5|Win32.Build.0 = Debug - Static|Win32
		{19FD8EE6-79CC-4BAC-9744-D9573BE47C7E}.Debug - Max 5|x64.ActiveCfg = Debug - DLL|x64
		{19FD8EE6-79CC-4BAC-9744-D9573BE47C7E}.Debug - Max 5|x64.Build.0 = Debug - DLL|x64
		{19FD8EE6-79CC-4BAC-9744-D9573BE47C7E}.Debug - Max 6|Win32.ActiveCfg = Debug - Static|Win32
		{19FD8EE6-79CC-4BAC-9744-D9573BE47C7E}.Debug - Max 6|Win32.Build.0 = Debug - Static|Win32
		{19FD8EE6-79CC-4BAC-9744-D9573BE47C7E}.Debug - Max 6|x64.ActiveCfg = Debug - DLL|x64
		{19FD8EE6-79CC-4BAC-9744-D9573BE47C7E}.Debug - Max 6|x64.Build.0 = Debug - DLL|x64
		{19FD8EE6-79CC-4BAC-9744-D9573BE47C7E}.Debug - Max 7|Win32.ActiveCfg = Debug - Static|Win32
		{19FD8EE6-79CC-4BAC-9744-D9573BE47C7E}.Debug - Max 7|Win32.Build.0 = Debug - Static|Win32
		{19FD8EE6-79CC-4BAC-9744-D9573BE47C7E}.Debug - Max 7|x64.ActiveCfg = Debug - DLL|x64
		{19FD8EE6-79CC-4BAC-9744-D9573BE47C7E}.Debug - Max 7|x64.Build.0 = Debug - DLL|x64
		{19FD8EE6-79CC-4BAC-9744-D9573BE47C7E}.Debug - Max 8|Win32.ActiveCfg = Debug - Static|Win32
		{19FD8EE6-79CC-4BAC-9744-D9573BE47C7E}.Debug - Max 8|Win32.Build.0 = Debug - Static|Win32
		{19FD8EE6-79CC-4BAC-9744-D9573BE47C7E}.Debug - Max 8|x64.ActiveCfg = Debug - DLL|x64
		{19FD8EE6-79CC-4BAC-9744-D9573BE47C7E}.Debug - Max 8|x64.Build.0 = Debug - DLL|x64
		{19FD8EE6-79CC-4BAC-9744-D9573BE47C7E}.Debug - Max 9|Win32.ActiveCfg = Debug - Static|Win32
		{19FD8EE6-79CC-4BAC-9744-D9573BE47C7E}.Debug - Max 9|Win32.Build.0 = Debug - Static|Win32
		{19FD8EE6-79CC-4BAC-9744-D9573BE47C7E}.Debug - Max 9|x64.ActiveCfg = Debug - Static|x64
		{19FD8EE6-79CC-4BAC-9744-D9573BE47C7E}.Debug - Max 9|x64.Build.0 = Debug - Static|x64
		{19FD8EE6-79CC-4BAC-9744-D9573BE47C7E}.Debug|Win32.ActiveCfg = Debug - DLL|x64
		{19FD8EE6-79CC-4BAC-9744-D9573BE47C7E}.Debug|x64.ActiveCfg = Debug - DLL|x64
		{19FD8EE6-79CC-4BAC-9744-D9573BE47C7E}.Debug|x64.Build.0 = Debug - DLL|x64
		{19FD8EE6-79CC-4BAC-9744-D9573BE47C7E}.Release - gmax|Win32.ActiveCfg = Release - Static|Win32
		{19FD8EE6-79CC-4BAC-9744-D9573BE47C7E}.Release - gmax|Win32.Build.0 = Release - Static|Win32
		{19FD8EE6-79CC-4BAC-9744-D9573BE47C7E}.Release - gmax|x64.ActiveCfg = Release - DLL|x64
		{19FD8EE6-79CC-4BAC-9744-D9573BE47C7E}.Release - gmax|x64.Build.0 = Release - DLL|x64
		{19FD8EE6-79CC-4BAC-9744-D9573BE47C7E}.Release - Max 2008|Win32.ActiveCfg = Release - Static|Win32
		{19FD8EE6-79CC-4BAC-9744-D9573BE47C7E}.Release - Max 2008|Win32.Build.0 = Release - Static|Win32
		{19FD8EE6-79CC-4BAC-9744-D9573BE47C7E}.Release - Max 2008|x64.ActiveCfg = Release - Static|x64
		{19FD8EE6-79CC-4BAC-9744-D9573BE47C7E}.Release - Max 2008|x64.Build.0 = Release - Static|x64
		{19FD8EE6-79CC-4BAC-9744-D9573BE47C7E}.Release - Max 2009|Win32.ActiveCfg = Release - Static|Win32
		{19FD8EE6-79CC-4BAC-9744-D9573BE47C7E}.Release - Max 2009|Win32.Build.0 = Release - Static|Win32
		{19FD8EE6-79CC-4BAC-9744-D9573BE47C7E}.Release - Max 2009|x64.ActiveCfg = Release - Static|x64
		{19FD8EE6-79CC-4BAC-9744-D9573BE47C7E}.Release - Max 2009|x64.Build.0 = Release - Static|x64
		{19FD8EE6-79CC-4BAC-9744-D9573BE47C7E}.Release - Max 2010|Win32.ActiveCfg = Release - Static|Win32
		{19FD8EE6-79CC-4BAC-9744-D9573BE47C7E}.Release - Max 2010|Win32.Build.0 = Release - Static|Win32
		{19FD8EE6-79CC-4BAC-9744-D9573BE47C7E}.Release - Max 2010|x64.ActiveCfg = Release - Static|x64
		{19FD8EE6-79CC-4BAC-9744-D9573BE47C7E}.Release - Max 2010|x64.Build.0 = Release - Static|x64
		{19FD8EE6-79CC-4BAC-9744-D9573BE47C7E}.Release - Max 2011|Win32.ActiveCfg = Release - Static|Win32
		{19FD8EE6-79CC-4BAC-9744-D9573BE47C7E}.Release - Max 2011|Win32.Build.0 = Release - Static|Win32
		{19FD8EE6-79CC-4BAC-9744-D9573BE47C7E}.Release - Max 2011|x64.ActiveCfg = Release - Static|x64
		{19FD8EE6-79CC-4BAC-9744-D9573BE47C7E}.Release - Max 2011|x64.Build.0 = Release - Static|x64
		{19FD8EE6-79CC-4BAC-9744-D9573BE47C7E}.Release - Max 2012|Win32.ActiveCfg = Release - Static|Win32
		{19FD8EE6-79CC-4BAC-9744-D9573BE47C7E}.Release - Max 2012|Win32.Build.0 = Release - Static|Win32
		{19FD8EE6-79CC-4BAC-9744-D9573BE47C7E}.Release - Max 2012|x64.ActiveCfg = Release - Static|x64
		{19FD8EE6-79CC-4BAC-9744-D9573BE47C7E}.Release - Max 2012|x64.Build.0 = Release - Static|x64
		{19FD8EE6-79CC-4BAC-9744-D9573BE47C7E}.Release - Max 4.2|Win32.ActiveCfg = Release - Static|Win32
		{19FD8EE6-79CC-4BAC-9744-D9573BE47C7E}.Release - Max 4.2|Win32.Build.0 = Release - Static|Win32
		{19FD8EE6-79CC-4BAC-9744-D9573BE47C7E}.Release - Max 4.2|x64.ActiveCfg = Release - DLL|x64
		{19FD8EE6-79CC-4BAC-9744-D9573BE47C7E}.Release - Max 4.2|x64.Build.0 = Release - DLL|x64
		{19FD8EE6-79CC-4BAC-9744-D9573BE47C7E}.Release - Max 4|Win32.ActiveCfg = Release - Static|Win32
		{19FD8EE6-79CC-4BAC-9744-D9573BE47C7E}.Release - Max 4|Win32.Build.0 = Release - Static|Win32
		{19FD8EE6-79CC-4BAC-9744-D9573BE47C7E}.Release - Max 4|x64.ActiveCfg = Release - DLL|x64
		{19FD8EE6-79CC-4BAC-9744-D9573BE47C7E}.Release - Max 4|x64.Build.0 = Release - DLL|x64
		{19FD8EE6-79CC-4BAC-9744-D9573BE47C7E}.Release - Max 5|Win32.ActiveCfg = Release - Static|Win32
		{19FD8EE6-79CC-4BAC-9744-D9573BE47C7E}.Release - Max 5|Win32.Build.0 = Release - Static|Win32
		{19FD8EE6-79CC-4BAC-9744-D9573BE47C7E}.Release - Max 5|x64.ActiveCfg = Release - DLL|x64
		{19FD8EE6-79CC-4BAC-9744-D9573BE47C7E}.Release - Max 5|x64.Build.0 = Release - DLL|x64
		{19FD8EE6-79CC-4BAC-9744-D9573BE47C7E}.Release - Max 6|Win32.ActiveCfg = Release - Static|Win32
		{19FD8EE6-79CC-4BAC-9744-D9573BE47C7E}.Release - Max 6|Win32.Build.0 = Release - Static|Win32
		{19FD8EE6-79CC-4BAC-9744-D9573BE47C7E}.Release - Max 6|x64.ActiveCfg = Release - DLL|x64
		{19FD8EE6-79CC-4BAC-9744-D9573BE47C7E}.Release - Max 6|x64.Build.0 = Release - DLL|x64
		{19FD8EE6-79CC-4BAC-9744-D9573BE47C7E}.Release - Max 7|Win32.ActiveCfg = Release - Static|Win32
		{19FD8EE6-79CC-4BAC-9744-D9573BE47C7E}.Release - Max 7|Win32.Build.0 = Release - Static|Win32
		{19FD8EE6-79CC-4BAC-9744-D9573BE47C7E}.Release - Max 7|x64.ActiveCfg = Release - DLL|x64
		{19FD8EE6-79CC-4BAC-9744-D9573BE47C7E}.Release - Max 7|x64.Build.0 = Release - DLL|x64
		{19FD8EE6-79CC-4BAC-9744-D9573BE47C7E}.Release - Max 8|Win32.ActiveCfg = Release - Static|Win32
		{19FD8EE6-79CC-4BAC-9744-D9573BE47C7E}.Release - Max 8|Win32.Build.0 = Release - Static|Win32
		{19FD8EE6-79CC-4BAC-9744-D9573BE47C7E}.Release - Max 8|x64.ActiveCfg = Release - DLL|x64
		{19FD8EE6-79CC-4BAC-9744-D9573BE47C7E}.Release - Max 8|x64.Build.0 = Release - DLL|x64
		{19FD8EE6-79CC-4BAC-9744-D9573BE47C7E}.Release - Max 9|Win32.ActiveCfg = Release - Static|Win32
		{19FD8EE6-79CC-4BAC-9744-D9573BE47C7E}.Release - Max 9|Win32.Build.0 = Release - Static|Win32
		{19FD8EE6-79CC-4BAC-9744-D9573BE47C7E}.Release - Max 9|x64.ActiveCfg = Release - Static|x64
		{19FD8EE6-79CC-4BAC-9744-D9573BE47C7E}.Release - Max 9|x64.Build.0 = Release - Static|x64
		{19FD8EE6-79CC-4BAC-9744-D9573BE47C7E}.Release|Win32.ActiveCfg = Release - DLL|x64
		{19FD8EE6-79CC-4BAC-9744-D9573BE47C7E}.Release|x64.ActiveCfg = Release - DLL|x64
		{19FD8EE6-79CC-4BAC-9744-D9573BE47C7E}.Release|x64.Build.0 = Release - DLL|x64
		{466F2D3E-2663-4583-A05C-128683677617}.Debug - gmax|Win32.ActiveCfg = Debug - gmax|Win32
		{466F2D3E-2663-4583-A05C-128683677617}.Debug - gmax|Win32.Build.0 = Debug - gmax|Win32
		{466F2D3E-2663-4583-A05C-128683677617}.Debug - gmax|x64.ActiveCfg = Debug - gmax|x64
		{466F2D3E-2663-4583-A05C-128683677617}.Debug - gmax|x64.Build.0 = Debug - gmax|x64
		{466F2D3E-2663-4583-A05C-128683677617}.Debug - Max 2008|Win32.ActiveCfg = Debug - Max 2008|Win32
		{466F2D3E-2663-4583-A05C-128683677617}.Debug - Max 2008|Win32.Build.0 = Debug - Max 2008|Win32
		{466F2D3E-2663-4583-A05C-128683677617}.Debug - Max 2008|x64.ActiveCfg = Debug - Max 2008|x64
		{466F2D3E-2663-4583-A05C-128683677617}.Debug - Max 2008|x64.Build.0 = Debug - Max 2008|x64
		{466F2D3E-2663-4583-A05C-128683677617}.Debug - Max 2009|Win32.ActiveCfg = Debug - Max 2009|Win32
		{466F2D3E-2663-4583-A05C-128683677617}.Debug - Max 2009|Win32.Build.0 = Debug - Max 2009|Win32
		{466F2D3E-2663-4583-A05C-128683677617}.Debug - Max 2009|x64.ActiveCfg = Debug - Max 2009|x64
		{466F2D3E-2663-4583-A05C-128683677617}.Debug - Max 2009|x64.Build.0 = Debug - Max 2009|x64
		{466F2D3E-2663-4583-A05C-128683677617}.Debug - Max 2010|Win32.ActiveCfg = Debug - Max 2010|Win32
		{466F2D3E-2663-4583-A05C-128683677617}.Debug - Max 2010|Win32.Build.0 = Debug - Max 2010|Win32
		{466F2D3E-2663-4583-A05C-128683677617}.Debug - Max 2010|x64.ActiveCfg = Debug - Max 2010|x64
		{466F2D3E-2663-4583-A05C-128683677617}.Debug - Max 2010|x64.Build.0 = Debug - Max 2010|x64
		{466F2D3E-2663-4583-A05C-128683677617}.Debug - Max 2011|Win32.ActiveCfg = Debug - Max 2011|Win32
		{466F2D3E-2663-4583-A05C-128683677617}.Debug - Max 2011|Win32.Build.0 = Debug - Max 2011|Win32
		{466F2D3E-2663-4583-A05C-128683677617}.Debug - Max 2011|x64.ActiveCfg = Debug - Max 2011|x64
		{466F2D3E-2663-4583-A05C-128683677617}.Debug - Max 2011|x64.Build.0 = Debug - Max 2011|x64
		{466F2D3E-2663-4583-A05C-128683677617}.Debug - Max 2012|Win32.ActiveCfg = Debug - Max 2012|Win32
		{466F2D3E-2663-4583-A05C-128683677617}.Debug - Max 2012|Win32.Build.0 = Debug - Max 2012|Win32
		{466F2D3E-2663-4583-A05C-128683677617}.Debug - Max 2012|x64.ActiveCfg = Debug - Max 2012|x64
		{466F2D3E-2663-4583-A05C-128683677617}.Debug - Max 2012|x64.Build.0 = Debug - Max 2012|x64
		{466F2D3E-2663-4583-A05C-128683677617}.Debug - Max 4.2|Win32.ActiveCfg = Debug - Max 4.2|Win32
		{466F2D3E-2663-4583-A05C-128683677617}.Debug - Max 4.2|Win32.Build.0 = Debug - Max 4.2|Win32
		{466F2D3E-2663-4583-A05C-128683677617}.Debug - Max 4.2|x64.ActiveCfg = Debug - Max 4.2|x64
		{466F2D3E-2663-4583-A05C-128683677617}.Debug - Max 4.2|x64.Build.0 = Debug - Max 4.2|x64
		{466F2D3E-2663-4583-A05C-128683677617}.Debug - Max 4|Win32.ActiveCfg = Debug - Max 4|Win32
		{466F2D3E-2663-4583-A05C-128683677617}.Debug - Max 4|Win32.Build.0 = Debug - Max 4|Win32
		{466F2D3E-2663-4583-A05C-128683677617}.Debug - Max 4|x64.ActiveCfg = Debug - Max 4|x64
		{466F2D3E-2663-4583-A05C-128683677617}.Debug - Max 4|x64.Build.0 = Debug - Max 4|x64
		{466F2D3E-2663-4583-A05C-128683677617}.Debug - Max 5|Win32.ActiveCfg = Debug - Max 5|Win32
		{466F2D3E-2663-4583-A05C-128683677617}.Debug - Max 5|Win32.Build.0 = Debug - Max 5|Win32
		{466F2D3E-2663-4583-A05C-128683677617}.Debug - Max 5|x64.ActiveCfg = Debug - Max 5|x64
		{466F2D3E-2663-4583-A05C-128683677617}.Debug - Max 5|x64.Build.0 = Debug - Max 5|x64
		{466F2D3E-2663-4583-A05C-128683677617}.Debug - Max 6|Win32.ActiveCfg = Debug - Max 6|Win32
		{466F2D3E-2663-4583-A05C-128683677617}.Debug - Max 6|Win32.Build.0 = Debug - Max 6|Win32
		{466F2D3E-2663-4583-A05C-128683677617}.Debug - Max 6|x64.ActiveCfg = Debug - Max 6|x64
		{466F2D3E-2663-4583-A05C-128683677617}.Debug - Max 6|x64.Build.0 = Debug - Max 6|x64
		{466F2D3E-2663-4583-A05C-128683677617}.Debug - Max 7|Win32.ActiveCfg = Debug - Max 7|Win32
		{466F2D3E-2663-4583-A05C-128683677617}.Debug - Max 7|Win32.Build.0 = Debug - Max 7|Win32
		{466F2D3E-2663-4583-A05C-128683677617}.Debug - Max 7|x64.ActiveCfg = Debug - Max 7|x64
		{466F2D3E-2663-4583-A05C-128683677617}.Debug - Max 7|x64.Build.0 = Debug - Max 7|x64
		{466F2D3E-2663-4583-A05C-128683677617}.Debug - Max 8|Win32.ActiveCfg = Debug - Max 8|Win32
		{466F2D3E-2663-4583-A05C-128683677617}.Debug - Max 8|Win32.Build.0 = Debug - Max 8|Win32
		{466F2D3E-2663-4583-A05C-128683677617}.Debug - Max 8|x64.ActiveCfg = Debug - Max 8|x64
		{466F2D3E-2663-4583-A05C-128683677617}.Debug - Max 8|x64.Build.0 = Debug - Max 8|x64
		{466F2D3E-2663-4583-A05C-128683677617}.Debug - Max 9|Win32.ActiveCfg = Debug - Max 9|Win32
		{466F2D3E-2663-4583-A05C-128683677617}.Debug - Max 9|Win32.Build.0 = Debug - Max 9|Win32
		{466F2D3E-2663-4583-A05C-128683677617}.Debug - Max 9|x64.ActiveCfg = Debug - Max 9|x64
		{466F2D3E-2663-4583-A05C-128683677617}.Debug - Max 9|x64.Build.0 = Debug - Max 9|x64
		{466F2D3E-2663-4583-A05C-128683677617}.Release - gmax|Win32.ActiveCfg = Release - gmax|Win32
		{466F2D3E-2663-4583-A05C-128683677617}.Release - gmax|Win32.Build.0 = Release - gmax|Win32
		{466F2D3E-2663-4583-A05C-128683677617}.Release - gmax|x64.ActiveCfg = Release - gmax|x64
		{466F2D3E-2663-4583-A05C-128683677617}.Release - gmax|x64.Build.0 = Release - gmax|x64
		{466F2D3E-2663-4583-A05C-128683677617}.Release - Max 2008|Win32.ActiveCfg = Release - Max 2008|Win32
		{466F2D3E-2663-4583-A05C-128683677617}.Release - Max 2008|Win32.Build.0 = Release - Max 2008|Win32
		{466F2D3E-2663-4583-A05C-128683677617}.Release - Max 2008|x64.ActiveCfg = Release - Max 2008|x64
		{466F2D3E-2663-4583-A05C-128683677617}.Release - Max 2008|x64.Build.0 = Release - Max 2008|x64
		{466F2D3E-2663-4583-A05C-128683677617}.Release - Max 2009|Win32.ActiveCfg = Release - Max 2009|Win32
		{466F2D3E-2663-4583-A05C-128683677617}.Release - Max 2009|Win32.Build.0 = Release - Max 2009|Win32
		{466F2D3E-2663-4583-A05C-128683677617}.Release - Max 2009|x64.ActiveCfg = Release - Max 2009|x64
		{466F2D3E-2663-4583-A05C-128683677617}.Release - Max 2009|x64.Build.0 = Release - Max 2009|x64
		{466F2D3E-2663-4583-A05C-128683677617}.Release - Max 2010|Win32.ActiveCfg = Release - Max 2010|Win32
		{466F2D3E-2663-4583-A05C-128683677617}.Release - Max 2010|Win32.Build.0 = Release - Max 2010|Win32
		{466F2D3E-2663-4583-A05C-128683677617}.Release - Max 2010|x64.ActiveCfg = Release - Max 2010|x64
		{466F2D3E-2663-4583-A05C-128683677617}.Release - Max 2010|x64.Build.0 = Release - Max 2010|x64
		{466F2D3E-2663-4583-A05C-128683677617}.Release - Max 2011|Win32.ActiveCfg = Release - Max 2011|Win32
		{466F2D3E-2663-4583-A05C-128683677617}.Release - Max 2011|Win32.Build.0 = Release - Max 2011|Win32
		{466F2D3E-2663-4583-A05C-128683677617}.Release - Max 2011|x64.ActiveCfg = Release - Max 2011|x64
		{466F2D3E-2663-4583-A05C-128683677617}.Release - Max 2011|x64.Build.0 = Release - Max 2011|x64
		{466F2D3E-2663-4583-A05C-128683677617}.Release - Max 2012|Win32.ActiveCfg = Release - Max 2012|Win32
		{466F2D3E-2663-4583-A05C-128683677617}.Release - Max 2012|Win32.Build.0 = Release - Max 2012|Win32
		{466F2D3E-2663-4583-A05C-128683677617}.Release - Max 2012|x64.ActiveCfg = Release - Max 2012|x64
		{466F2D3E-2663-4583-A05C-128683677617}.Release - Max 2012|x64.Build.0 = Release - Max 2012|x64
		{466F2D3E-2663-4583-A05C-128683677617}.Release - Max 4.2|Win32.ActiveCfg = Release - Max 4.2|Win32
		{466F2D3E-2663-4583-A05C-128683677617}.Release - Max 4.2|Win32.Build.0 = Release - Max 4.2|Win32
		{466F2D3E-2663-4583-A05C-128683677617}.Release - Max 4.2|x64.ActiveCfg = Release - Max 4.2|x64
		{466F2D3E-2663-4583-A05C-128683677617}.Release - Max 4.2|x64.Build.0 = Release - Max 4.2|x64
		{466F2D3E-2663-4583-A05C-128683677617}.Release - Max 4|Win32.ActiveCfg = Release - Max 4|Win32
		{466F2D3E-2663-4583-A05C-128683677617}.Release - Max 4|Win32.Build.0 = Release - Max 4|Win32
		{466F2D3E-2663-4583-A05C-128683677617}.Release - Max 4|x64.ActiveCfg = Release - Max 4|x64
		{466F2D3E-2663-4583-A05C-128683677617}.Release - Max 4|x64.Build.0 = Release - Max 4|x64
		{466F2D3E-2663-4583-A05C-128683677617}.Release - Max 5|Win32.ActiveCfg = Release - Max 5|Win32
		{466F2D3E-2663-4583-A05C-128683677617}.Release - Max 5|Win32.Build.0 = Release - Max 5|Win32
		{466F2D3E-2663-4583-A05C-128683677617}.Release - Max 5|x64.ActiveCfg = Release - Max 5|x64
		{466F2D3E-2663-4583-A05C-128683677617}.Release - Max 5|x64.Build.0 = Release - Max 5|x64
		{466F2D3E-2663-4583-A05C-128683677617}.Release - Max 6|Win32.ActiveCfg = Release - Max 6|Win32
		{466F2D3E-2663-4583-A05C-128683677617}.Release - Max 6|Win32.Build.0 = Release - Max 6|Win32
		{466F2D3E-2663-4583-A05C-128683677617}.Release - Max 6|x64.ActiveCfg = Release - Max 6|x64
		{466F2D3E-2663-4583-A05C-128683677617}.Release - Max 6|x64.Build.0 = Release - Max 6|x64
		{466F2D3E-2663-4583-A05C-128683677617}.Release - Max 7|Win32.ActiveCfg = Release - Max 7|Win32
		{466F2D3E-2663-4583-A05C-128683677617}.Release - Max 7|Win32.Build.0 = Release - Max 7|Win32
		{466F2D3E-2663-4583-A05C-128683677617}.Release - Max 7|x64.ActiveCfg = Release - Max 7|x64
		{466F2D3E-2663-4583-A05C-128683677617}.Release - Max 7|x64.Build.0 = Release - Max 7|x64
		{466F2D3E-2663-4583-A05C-128683677617}.Release - Max 8|Win32.ActiveCfg = Release - Max 8|Win32
		{466F2D3E-2663-4583-A05C-128683677617}.Release - Max 8|Win32.Build.0 = Release - Max 8|Win32
		{466F2D3E-2663-4583-A05C-128683677617}.Release - Max 8|x64.ActiveCfg = Release - Max 8|x64
		{466F2D3E-2663-4583-A05C-128683677617}.Release - Max 8|x64.Build.0 = Release - Max 8|x64
		{466F2D3E-2663-4583-A05C-128683677617}.Release - Max 9|Win32.ActiveCfg = Release - Max 9|Win32
		{466F2D3E-2663-4583-A05C-128683677617}.Release - Max 9|Win32.Build.0 = Release - Max 9|Win32
		{466F2D3E-2663-4583-A05C-128683677617}.Release - Max 9|x64.ActiveCfg = Release - Max 9|x64
		{466F2D3E-2663-4583-A05C-128683677617}.Release - Max 9|x64.Build.0 = Release - Max 9|x64
	EndGlobalSection
	GlobalSection(SolutionProperties) = preSolution
		HideSolutionNode = FALSE
	EndGlobalSection
EndGlobal
