
Microsoft Visual Studio Solution File, Format Version 9.00
# Visual C++ Express 2005
Project("{8BC9CEB8-8B4A-11D0-8D11-00A0C91BC942}") = "PyNiflib", "py_niflib.vcproj", "{7517F24D-B1A1-427C-B952-F5DD5DDAD7A7}"
EndProject
Global
	GlobalSection(SolutionConfigurationPlatforms) = preSolution
		Debug|Win32 = Debug|Win32
		Release|Win32 = Release|Win32
	EndGlobalSection
	GlobalSection(ProjectConfigurationPlatforms) = postSolution
		{7517F24D-B1A1-427C-B952-F5DD5DDAD7A7}.Debug|Win32.ActiveCfg = Debug|Win32
		{7517F24D-B1A1-427C-B952-F5DD5DDAD7A7}.Debug|Win32.Build.0 = Debug|Win32
		{7517F24D-B1A1-427C-B952-F5DD5DDAD7A7}.Release|Win32.ActiveCfg = Release|Win32
		{7517F24D-B1A1-427C-B952-F5DD5DDAD7A7}.Release|Win32.Build.0 = Release|Win32
	EndGlobalSection
	GlobalSection(SolutionProperties) = preSolution
		HideSolutionNode = FALSE
	EndGlobalSection
EndGlobal
